{
  "version": 4,
  "terraform_version": "1.10.3",
  "serial": 1738,
  "lineage": "74266267-7460-ec25-908d-395da4369c01",
  "outputs": {
    "ec2_elastic_ip": {
      "value": "43.204.66.44",
      "type": "string"
    },
    "private_sg_id": {
      "value": "sg-041a3da99449eb67a",
      "type": "string"
    },
    "public_sg_id": {
      "value": "sg-049783db6d55b93f8",
      "type": "string"
    }
  },
  "resources": [
    {
      "mode": "managed",
      "type": "null_resource",
      "name": "name",
      "provider": "provider[\"registry.terraform.io/hashicorp/null\"]",
      "instances": [
        {
          "schema_version": 0,
          "attributes": {
            "id": "2080789919",
            "triggers": null
          },
          "sensitive_attributes": [],
          "dependencies": [
            "module.ec2.aws_eip.elastic_ip_public",
            "module.ec2.aws_instance.Ec2_instance_1",
            "module.ec2.aws_instance.Ec2_instance_2",
            "module.ec2.aws_key_pair.key_pair",
            "module.ec2.aws_security_group.GreenEnco_security_group_Private",
            "module.ec2.aws_security_group.GreenEnco_security_group_Public",
            "module.ec2.tls_private_key.rsa-4096-GreenEnco",
            "module.vpc.aws_subnet.private_01",
            "module.vpc.aws_subnet.public_01",
            "module.vpc.aws_vpc.vpc",
            "module.vpc.data.aws_vpc.vpc"
          ]
        }
      ]
    },
    {
      "module": "module.ec2",
      "mode": "managed",
      "type": "aws_eip",
      "name": "elastic_ip_public",
      "provider": "provider[\"registry.terraform.io/hashicorp/aws\"]",
      "instances": [
        {
          "schema_version": 0,
          "attributes": {
            "address": null,
            "allocation_id": "eipalloc-062c4e9f9d06e5720",
            "arn": "arn:aws:ec2:ap-south-1:905418215222:elastic-ip/eipalloc-062c4e9f9d06e5720",
            "associate_with_private_ip": null,
            "association_id": "eipassoc-0bfd9322061d96516",
            "carrier_ip": "",
            "customer_owned_ip": "",
            "customer_owned_ipv4_pool": "",
            "domain": "vpc",
            "id": "eipalloc-062c4e9f9d06e5720",
            "instance": "i-052333da88dbc9fca",
            "ipam_pool_id": null,
            "network_border_group": "ap-south-1",
            "network_interface": "eni-03e9dbf369636fdcf",
            "private_dns": "ip-10-0-1-104.ap-south-1.compute.internal",
            "private_ip": "10.0.1.104",
            "ptr_record": "",
            "public_dns": "ec2-43-204-66-44.ap-south-1.compute.amazonaws.com",
            "public_ip": "43.204.66.44",
            "public_ipv4_pool": "amazon",
            "tags": {
              "Name": "GreenEncoElasticIP_Public"
            },
            "tags_all": {
              "Name": "GreenEncoElasticIP_Public"
            },
            "timeouts": null,
            "vpc": true
          },
          "sensitive_attributes": [],
          "private": "eyJlMmJmYjczMC1lY2FhLTExZTYtOGY4OC0zNDM2M2JjN2M0YzAiOnsiZGVsZXRlIjoxODAwMDAwMDAwMDAsInJlYWQiOjkwMDAwMDAwMDAwMCwidXBkYXRlIjozMDAwMDAwMDAwMDB9fQ==",
          "dependencies": [
            "module.ec2.aws_instance.Ec2_instance_2",
            "module.ec2.aws_key_pair.key_pair",
            "module.ec2.aws_security_group.GreenEnco_security_group_Public",
            "module.ec2.tls_private_key.rsa-4096-GreenEnco",
            "module.vpc.aws_subnet.public_01",
            "module.vpc.aws_vpc.vpc",
            "module.vpc.data.aws_vpc.vpc"
          ]
        }
      ]
    },
    {
      "module": "module.ec2",
      "mode": "managed",
      "type": "aws_instance",
      "name": "Ec2_instance_1",
      "provider": "provider[\"registry.terraform.io/hashicorp/aws\"]",
      "instances": [
        {
          "schema_version": 1,
          "attributes": {
            "ami": "ami-00bb6a80f01f03502",
            "arn": "arn:aws:ec2:ap-south-1:905418215222:instance/i-036012f7aebfb1e53",
            "associate_public_ip_address": false,
            "availability_zone": "ap-south-1b",
            "capacity_reservation_specification": [
              {
                "capacity_reservation_preference": "open",
                "capacity_reservation_target": []
              }
            ],
            "cpu_core_count": 1,
            "cpu_options": [
              {
                "amd_sev_snp": "",
                "core_count": 1,
                "threads_per_core": 2
              }
            ],
            "cpu_threads_per_core": 2,
            "credit_specification": [
              {
                "cpu_credits": "unlimited"
              }
            ],
            "disable_api_stop": false,
            "disable_api_termination": false,
            "ebs_block_device": [],
            "ebs_optimized": false,
            "enable_primary_ipv6": null,
            "enclave_options": [
              {
                "enabled": false
              }
            ],
            "ephemeral_block_device": [],
            "get_password_data": false,
            "hibernation": false,
            "host_id": "",
            "host_resource_group_arn": null,
            "iam_instance_profile": "",
            "id": "i-036012f7aebfb1e53",
            "instance_initiated_shutdown_behavior": "stop",
            "instance_lifecycle": "",
            "instance_market_options": [],
            "instance_state": "running",
            "instance_type": "t3a.medium",
            "ipv6_address_count": 0,
            "ipv6_addresses": [],
            "key_name": "GreenEnco_mumbai.pem",
            "launch_template": [],
            "maintenance_options": [
              {
                "auto_recovery": "default"
              }
            ],
            "metadata_options": [
              {
                "http_endpoint": "enabled",
                "http_protocol_ipv6": "disabled",
                "http_put_response_hop_limit": 2,
                "http_tokens": "required",
                "instance_metadata_tags": "disabled"
              }
            ],
            "monitoring": false,
            "network_interface": [],
            "outpost_arn": "",
            "password_data": "",
            "placement_group": "",
            "placement_partition_number": 0,
            "primary_network_interface_id": "eni-0e942d86542780bea",
            "private_dns": "ip-10-0-2-6.ap-south-1.compute.internal",
            "private_dns_name_options": [
              {
                "enable_resource_name_dns_a_record": false,
                "enable_resource_name_dns_aaaa_record": false,
                "hostname_type": "ip-name"
              }
            ],
            "private_ip": "10.0.2.6",
            "public_dns": "",
            "public_ip": "",
            "root_block_device": [
              {
                "delete_on_termination": true,
                "device_name": "/dev/sda1",
                "encrypted": false,
                "iops": 3000,
                "kms_key_id": "",
                "tags": {},
                "tags_all": {},
                "throughput": 125,
                "volume_id": "vol-0e31c454cc839819b",
                "volume_size": 30,
                "volume_type": "gp3"
              }
            ],
            "secondary_private_ips": [],
            "security_groups": [],
            "source_dest_check": true,
            "spot_instance_request_id": "",
            "subnet_id": "subnet-0bc34522404c45ad3",
            "tags": {
              "Name": "GreenEnco_Prod(workernode)_Instance"
            },
            "tags_all": {
              "Name": "GreenEnco_Prod(workernode)_Instance"
            },
            "tenancy": "default",
            "timeouts": null,
            "user_data": null,
            "user_data_base64": null,
            "user_data_replace_on_change": false,
            "volume_tags": null,
            "vpc_security_group_ids": [
              "sg-041a3da99449eb67a"
            ]
          },
          "sensitive_attributes": [],
          "private": "eyJlMmJmYjczMC1lY2FhLTExZTYtOGY4OC0zNDM2M2JjN2M0YzAiOnsiY3JlYXRlIjo2MDAwMDAwMDAwMDAsImRlbGV0ZSI6MTIwMDAwMDAwMDAwMCwicmVhZCI6OTAwMDAwMDAwMDAwLCJ1cGRhdGUiOjYwMDAwMDAwMDAwMH0sInNjaGVtYV92ZXJzaW9uIjoiMSJ9",
          "dependencies": [
            "module.ec2.aws_key_pair.key_pair",
            "module.ec2.aws_security_group.GreenEnco_security_group_Private",
            "module.ec2.tls_private_key.rsa-4096-GreenEnco",
            "module.vpc.aws_subnet.private_01",
            "module.vpc.aws_vpc.vpc"
          ]
        }
      ]
    },
    {
      "module": "module.ec2",
      "mode": "managed",
      "type": "aws_instance",
      "name": "Ec2_instance_2",
      "provider": "provider[\"registry.terraform.io/hashicorp/aws\"]",
      "instances": [
        {
          "schema_version": 1,
          "attributes": {
            "ami": "ami-00bb6a80f01f03502",
            "arn": "arn:aws:ec2:ap-south-1:905418215222:instance/i-052333da88dbc9fca",
            "associate_public_ip_address": true,
            "availability_zone": "ap-south-1a",
            "capacity_reservation_specification": [
              {
                "capacity_reservation_preference": "open",
                "capacity_reservation_target": []
              }
            ],
            "cpu_core_count": 2,
            "cpu_options": [
              {
                "amd_sev_snp": "",
                "core_count": 2,
                "threads_per_core": 2
              }
            ],
            "cpu_threads_per_core": 2,
            "credit_specification": [
              {
                "cpu_credits": "unlimited"
              }
            ],
            "disable_api_stop": false,
            "disable_api_termination": false,
            "ebs_block_device": [],
            "ebs_optimized": false,
            "enable_primary_ipv6": false,
            "enclave_options": [
              {
                "enabled": false
              }
            ],
            "ephemeral_block_device": [],
            "get_password_data": false,
            "hibernation": false,
            "host_id": "",
            "host_resource_group_arn": null,
            "iam_instance_profile": "",
            "id": "i-052333da88dbc9fca",
            "instance_initiated_shutdown_behavior": "stop",
            "instance_lifecycle": "",
            "instance_market_options": [],
            "instance_state": "running",
            "instance_type": "t3a.xlarge",
            "ipv6_address_count": 1,
            "ipv6_addresses": [
              "2406:da1a:5a5:2e01:3b54:14c8:5b1:1a0f"
            ],
            "key_name": "GreenEnco_mumbai.pem",
            "launch_template": [],
            "maintenance_options": [
              {
                "auto_recovery": "default"
              }
            ],
            "metadata_options": [
              {
                "http_endpoint": "enabled",
                "http_protocol_ipv6": "disabled",
                "http_put_response_hop_limit": 2,
                "http_tokens": "required",
                "instance_metadata_tags": "disabled"
              }
            ],
            "monitoring": false,
            "network_interface": [],
            "outpost_arn": "",
            "password_data": "",
            "placement_group": "",
            "placement_partition_number": 0,
            "primary_network_interface_id": "eni-03e9dbf369636fdcf",
            "private_dns": "ip-10-0-1-104.ap-south-1.compute.internal",
            "private_dns_name_options": [
              {
                "enable_resource_name_dns_a_record": false,
                "enable_resource_name_dns_aaaa_record": false,
                "hostname_type": "ip-name"
              }
            ],
            "private_ip": "10.0.1.104",
            "public_dns": "ec2-43-204-66-44.ap-south-1.compute.amazonaws.com",
            "public_ip": "43.204.66.44",
            "root_block_device": [
              {
                "delete_on_termination": true,
                "device_name": "/dev/sda1",
                "encrypted": false,
                "iops": 3000,
                "kms_key_id": "",
                "tags": {},
                "tags_all": {},
                "throughput": 125,
                "volume_id": "vol-09d5df5a921152814",
                "volume_size": 30,
                "volume_type": "gp3"
              }
            ],
            "secondary_private_ips": [],
            "security_groups": [],
            "source_dest_check": true,
            "spot_instance_request_id": "",
            "subnet_id": "subnet-0851cc0c87b6e8d0f",
            "tags": {
              "Name": "GreenEnco_Development_Instance"
            },
            "tags_all": {
              "Name": "GreenEnco_Development_Instance"
            },
            "tenancy": "default",
            "timeouts": null,
            "user_data": null,
            "user_data_base64": null,
            "user_data_replace_on_change": false,
            "volume_tags": null,
            "vpc_security_group_ids": [
              "sg-049783db6d55b93f8"
            ]
          },
          "sensitive_attributes": [],
          "private": "eyJlMmJmYjczMC1lY2FhLTExZTYtOGY4OC0zNDM2M2JjN2M0YzAiOnsiY3JlYXRlIjo2MDAwMDAwMDAwMDAsImRlbGV0ZSI6MTIwMDAwMDAwMDAwMCwicmVhZCI6OTAwMDAwMDAwMDAwLCJ1cGRhdGUiOjYwMDAwMDAwMDAwMH0sInNjaGVtYV92ZXJzaW9uIjoiMSJ9",
          "dependencies": [
            "module.ec2.aws_key_pair.key_pair",
            "module.ec2.aws_security_group.GreenEnco_security_group_Public",
            "module.ec2.tls_private_key.rsa-4096-GreenEnco",
            "module.vpc.aws_subnet.public_01",
            "module.vpc.aws_vpc.vpc",
            "module.vpc.data.aws_vpc.vpc"
          ]
        }
      ]
    },
    {
      "module": "module.ec2",
      "mode": "managed",
      "type": "aws_key_pair",
      "name": "key_pair",
      "provider": "provider[\"registry.terraform.io/hashicorp/aws\"]",
      "instances": [
        {
          "schema_version": 1,
          "attributes": {
            "arn": "arn:aws:ec2:ap-south-1:905418215222:key-pair/GreenEnco_mumbai.pem",
            "fingerprint": "fd:0e:06:c6:53:fe:88:42:2a:92:80:ab:c3:ef:8d:58",
            "id": "GreenEnco_mumbai.pem",
            "key_name": "GreenEnco_mumbai.pem",
            "key_name_prefix": "",
            "key_pair_id": "key-0fb653283fa1d46e4",
            "key_type": "rsa",
            "public_key": "ssh-rsa AAAAB3NzaC1yc2EAAAADAQABAAACAQDFSL5OII81VtR4Lwv5XqccCZsKcUalTbIPlNcf/r+wgyS2ZJ1BTBXVv+hFEJvzic7MgyJA8L1ckVivQOZ3ccEjLA7+GvPyjvgyHtNzCYRqnKaRE9N98bbsDuO/WQ3poCuJ0Piplddc2JgnYDuJTWAYUQ9g3994G2Gx3Mo8BSlfuqOKlGK5VAu6JP0bJX+5Lw1WY890rqm5qlVt8L35CyFlfG7dgEVLEbzPOn2gvLioFY2qNgPBh2UQpw8vpKCU2dXIjAtEAKL0HKUPU5lOBzp2E7450iXF7cyqWQjaKxpwSxGEOaUMaGa/SUejfRA9wxAfY8WvD0iZwmrZmZXkPTFEArBUd29W4AyFGobvOZzpSj6BSabeEw7pAzbXsNLYkhCNxURUXe/mXVhid/j+H3M3V0ozTT1W7LNoam70IPPProzpBqg4s/Fl2EaXPCTrh53Be/bwRcjUiEqZaNHWvHMSxPYYmqJa0ICVB9cVLZ+BzoiDlOItttOzK1WwVPbj2HOEe48HqhqeVDk4QEg8Qmvzzn8nG5kN6F/+1jPbLdj2sZ2gaGFNSdlEWkUNnoTtjd8vtyiolmu2dI91gnkl81Y2QEfTlP59FIs/3wC1cl9cUryFl3q6l2OTOIovmGBtg9RfjAc6f9bl+L7UK5aoqldFMImxzHmIZ0GPe8fcycrcVQ==",
            "tags": {},
            "tags_all": {}
          },
          "sensitive_attributes": [],
          "private": "eyJzY2hlbWFfdmVyc2lvbiI6IjEifQ==",
          "dependencies": [
            "module.ec2.tls_private_key.rsa-4096-GreenEnco"
          ]
        }
      ]
    },
    {
      "module": "module.ec2",
      "mode": "managed",
      "type": "aws_security_group",
      "name": "GreenEnco_security_group_Private",
      "provider": "provider[\"registry.terraform.io/hashicorp/aws\"]",
      "instances": [
        {
          "schema_version": 1,
          "attributes": {
            "arn": "arn:aws:ec2:ap-south-1:905418215222:security-group/sg-041a3da99449eb67a",
            "description": "Greenenco security group_Private",
            "egress": [
              {
                "cidr_blocks": [
                  "0.0.0.0/0"
                ],
                "description": "",
                "from_port": 0,
                "ipv6_cidr_blocks": [
                  "::/0"
                ],
                "prefix_list_ids": [],
                "protocol": "-1",
                "security_groups": [],
                "self": false,
                "to_port": 0
              }
            ],
            "id": "sg-041a3da99449eb67a",
            "ingress": [
              {
                "cidr_blocks": [
                  "0.0.0.0/0"
                ],
                "description": "HTTP access",
                "from_port": 80,
                "ipv6_cidr_blocks": [],
                "prefix_list_ids": [],
                "protocol": "tcp",
                "security_groups": [],
                "self": false,
                "to_port": 80
              },
              {
                "cidr_blocks": [
                  "0.0.0.0/0"
                ],
                "description": "HTTPs access",
                "from_port": 443,
                "ipv6_cidr_blocks": [],
                "prefix_list_ids": [],
                "protocol": "tcp",
                "security_groups": [],
                "self": false,
                "to_port": 443
              },
              {
                "cidr_blocks": [
                  "0.0.0.0/0"
                ],
                "description": "ssh access",
                "from_port": 22,
                "ipv6_cidr_blocks": [],
                "prefix_list_ids": [],
                "protocol": "tcp",
                "security_groups": [],
                "self": false,
                "to_port": 22
              }
            ],
            "name": "GreenEnco-Private-SG",
            "name_prefix": "",
            "owner_id": "905418215222",
            "revoke_rules_on_delete": false,
            "tags": {},
            "tags_all": {},
            "timeouts": null,
            "vpc_id": "vpc-01f069f17e0fe5eee"
          },
          "sensitive_attributes": [],
          "private": "eyJlMmJmYjczMC1lY2FhLTExZTYtOGY4OC0zNDM2M2JjN2M0YzAiOnsiY3JlYXRlIjo2MDAwMDAwMDAwMDAsImRlbGV0ZSI6OTAwMDAwMDAwMDAwfSwic2NoZW1hX3ZlcnNpb24iOiIxIn0=",
          "dependencies": [
            "module.vpc.aws_vpc.vpc"
          ]
        }
      ]
    },
    {
      "module": "module.ec2",
      "mode": "managed",
      "type": "aws_security_group",
      "name": "GreenEnco_security_group_Public",
      "provider": "provider[\"registry.terraform.io/hashicorp/aws\"]",
      "instances": [
        {
          "schema_version": 1,
          "attributes": {
            "arn": "arn:aws:ec2:ap-south-1:905418215222:security-group/sg-049783db6d55b93f8",
            "description": "Greenenco security group_Public",
            "egress": [
              {
                "cidr_blocks": [
                  "0.0.0.0/0"
                ],
                "description": "",
                "from_port": 0,
                "ipv6_cidr_blocks": [
                  "::/0"
                ],
                "prefix_list_ids": [],
                "protocol": "-1",
                "security_groups": [],
                "self": false,
                "to_port": 0
              }
            ],
            "id": "sg-049783db6d55b93f8",
            "ingress": [
              {
                "cidr_blocks": [
                  "0.0.0.0/0"
                ],
                "description": "HTTP access",
                "from_port": 80,
                "ipv6_cidr_blocks": [],
                "prefix_list_ids": [],
                "protocol": "tcp",
                "security_groups": [],
                "self": false,
                "to_port": 80
              },
              {
                "cidr_blocks": [
                  "0.0.0.0/0"
                ],
                "description": "HTTPs access",
                "from_port": 443,
                "ipv6_cidr_blocks": [],
                "prefix_list_ids": [],
                "protocol": "tcp",
                "security_groups": [],
                "self": false,
                "to_port": 443
              },
              {
                "cidr_blocks": [
                  "0.0.0.0/0"
                ],
                "description": "sonarqube access",
                "from_port": 9000,
                "ipv6_cidr_blocks": [],
                "prefix_list_ids": [],
                "protocol": "tcp",
                "security_groups": [],
                "self": false,
                "to_port": 9000
              },
              {
                "cidr_blocks": [
                  "0.0.0.0/0"
                ],
                "description": "ssh access",
                "from_port": 22,
                "ipv6_cidr_blocks": [],
                "prefix_list_ids": [],
                "protocol": "tcp",
                "security_groups": [],
                "self": false,
                "to_port": 22
              }
            ],
            "name": "GreenEnco-Public-SG",
            "name_prefix": "",
            "owner_id": "905418215222",
            "revoke_rules_on_delete": false,
            "tags": {},
            "tags_all": {},
            "timeouts": null,
            "vpc_id": "vpc-01f069f17e0fe5eee"
          },
          "sensitive_attributes": [],
          "private": "eyJlMmJmYjczMC1lY2FhLTExZTYtOGY4OC0zNDM2M2JjN2M0YzAiOnsiY3JlYXRlIjo2MDAwMDAwMDAwMDAsImRlbGV0ZSI6OTAwMDAwMDAwMDAwfSwic2NoZW1hX3ZlcnNpb24iOiIxIn0=",
          "dependencies": [
            "module.vpc.aws_vpc.vpc"
          ]
        }
      ]
    },
    {
      "module": "module.ec2",
      "mode": "managed",
      "type": "local_file",
      "name": "private_key",
      "provider": "provider[\"registry.terraform.io/hashicorp/local\"]",
      "instances": [
        {
          "schema_version": 0,
          "attributes": {
            "content": "-----BEGIN RSA PRIVATE KEY-----\nMIIJKAIBAAKCAgEAxUi+TiCPNVbUeC8L+V6nHAmbCnFGpU2yD5TXH/6/sIMktmSd\nQUwV1b/oRRCb84nOzIMiQPC9XJFYr0Dmd3HBIywO/hrz8o74Mh7TcwmEapymkRPT\nffG27A7jv1kN6aAridD4qZXXXNiYJ2A7iU1gGFEPYN/feBthsdzKPAUpX7qjipRi\nuVQLuiT9GyV/uS8NVmPPdK6puapVbfC9+QshZXxu3YBFSxG8zzp9oLy4qBWNqjYD\nwYdlEKcPL6SglNnVyIwLRACi9BylD1OZTgc6dhO+OdIlxe3MqlkI2isacEsRhDml\nDGhmv0lHo30QPcMQH2PFrw9ImcJq2ZmV5D0xRAKwVHdvVuAMhRqG7zmc6Uo+gUmm\n3hMO6QM217DS2JIQjcVEVF3v5l1YYnf4/h9zN1dKM009VuyzaGpu9CDzz66M6Qao\nOLPxZdhGlzwk64edwXv28EXI1IhKmWjR1rxzEsT2GJqiWtCAlQfXFS2fgc6Ig5Ti\nLbbTsytVsFT249hzhHuPB6oanlQ5OEBIPEJr885/JxuZDehf/tYz2y3Y9rGdoGhh\nTUnZRFpFDZ6E7Y3fL7coqJZrtnSPdYJ5JfNWNkBH05T+fRSLP98AtXJfXFK8hZd6\nupdjkziKL5hgbYPUX4wHOn/W5fi+1CuWqKpXRTCJscx5iGdBj3vH3MnK3FUCAwEA\nAQKCAgA6MESBQrU6pEuyzx2XBcYATQz/vX160DnOwrXY6AieBXBUo8SGN+zQyPO3\nOzjkUic+xwbZZKhVn0ErH9daL6EpwJsDc+u0BVtLXTA84/e8gkvWyqQ8p4iug43F\nKH0kBWwSECLn0hxddD0ckBO/YaUQRwhkKGP/RwQ/s8GqhlM3uxL1kuKziwiSdMp6\nsUrE0g37ByFvZv0EmCrubG18AT5uco84odbOV4L7FGNtf3xvhzvrklb1Q/wZN00R\nXltGzCF0L2o7OnzVx4UfyiaTjyo9HYGkCEm/4W3WaMBlqQT5TgrylxYJXNnBXdnV\nbNPXg6tDtufdxIJDZ8agO96sHShkQ4bKsq00AeieEDxfRgR+NGgL6dK5i2jK6U1P\nItdWK1owP9HTxG4fBfaLqyIoo46sO6E2ea+ElERf6M8KZcW/4PRbYMY3UdRB7OjX\nhhtJr9UT5VAhs85bt3N81tfeJlYjqZdNuti9YdqkAvtfDVcfE930m4np3OIn4N3M\nADYzDBkJoajZtDLrTHcHMuwM4uSzSPxFSWPWXpQfHmFerf75iV/fpGJHB8VLEkDj\nMyGYkpxXlk5pUhAh3kenOfSFLKQIn4eQTdyimcNuo+cbKacKqlvQQodgDhBbuqz4\nl8c99LbtxyTtXWA5aTwiafc/0WGv8LGt8i+wBgWAkBFlbNxS2QKCAQEAyOGbjzPw\n9aM5nSeHFL8p77xuN8U/hrfXwDSjR84NzWrVo/BYDuuXaWcl2MjOTLURfBnmT/o+\nCYBqgODzes55T+FCQdirgkZcYQ4j8SyAeIGWozfjRrdH9EJrKkfPDOOpaQE2vKdI\nmtc5a/3T8GohtVQax1agPPqxn38orcyLEhfOadCvVBysZqdBhm5/8EtLgIw4RgjH\n5yjhFY7TxOW5U847ma8oG2hNpXWQQ97GLuCgEzO3Ygjj91HwOFNpYWZRPpzGTBo2\nh5O6lxLneNnf7oQcYodKlvd9kLZOpb0vXDJDnsx7GDPjOESudIRPyrz7ff9Y5Df4\nsAs/HCo+tP6U7wKCAQEA+2p2/LwJuZ0GZkUchH0Q19fBup+l1JfTHwkxC1pwTghI\nq+HbbzoVvTmodLs4x5nIlx+jibl3L2rFlaghKigfiB68BewGMAFIb+ZcQ0c/SYEk\nAfyYB3bXzgXzrSrZEL0F0srbHGDwN/Bs1J6BaJDiMOx2qZhNDFlM8S7M+F92s5qm\nD823VQDx21DqVKA782NMFGyje3cdGlGbiL/6n/7SJCDohoTcE2S3JIja7v53abxy\nNFbYJC7a4VeeAet53A8iAzp7o3dGLK9dIo8E0eTIeJUwGHtc29Z13s5aP/TTyERj\n8dr9P6w+kUGZ/j9g5AhaCPk9wm/ii57MeOlgwnqK+wKCAQAh8lY6bfmjWREMaLig\nHen1VG9/xzqEBp9UINES+lREyXAPAzeuVcvBiSfRKaYLOnIY+bt8+nnvWx8kZl9e\n+nNvt05eGEJrgn5r/FrAj9eqBaQyMuiac7CaK3s2qunncLWZRBY+7ToMyKAwirV9\nJEJMBUl9NDth8q9/l5qFPFKoHRPJt/VZDntn4Y3mLNg8AE1jDM8ZrrQxcSwQW5GX\n7YZTDj/uKbZqY0bz1hkqDwSIuXbzp8Kus3fqvJMOwbHGPuct4Ip2I9vhL2rRyuUI\n/DCmevbdA6XsOyiiAtzpjz3oo6nftQh8P5B/WsPsdsuRJDyPv04DSx4gidYBaXYt\nWfRLAoIBAQCC3aL74ODrBcor97NlXzgiMcM8YhdOdozFLeKidzvX0kYJefHfjot8\nSIPf5wgiFXEtAKH+cVSRkPEx+ibxK5tmHiFer8F0wWY0IONLfc16dEcK5bE4yWqB\naeWx8Ii2Rr2+QCsXNXo0k+gCMFNJ24hxUNRfaNBKKj17mRHGAuLlkAz6UuknzOsX\nbqHa1OD/ymLyiq35+UFjzrC32L4bA+fcOGjwhD2NtrIByV60Yi5EEnwbtEyjYOQ7\nwYCUnT58BkB9D7cFmnMjlVBUSb+HhZ+37Gfxhl0KbTJDfIPLoKOQLdEcNhH2T7Dt\nqQkAJ3tGlvZOj3XPPK/eXxUtpsTf1it7AoIBAF0VEi4QtxZ+33En6d0126PY2p0m\nDobsiHhPatQiBz9Ajp+S+vwaMagOFUnSvECSJYOpxV9YFKR6giki6UkDN0fK/TaR\nnM5DwCGgiwQ18aVWgnulgWbn6tbJuiwTXjN3bF14FscYOQiYWiiXpYg9G/oDEpeq\n8DopkJyolSEexIGDUetM7eFlxdhlQRrKYDRA7j0rQG67+xTEjYDdiOBGOYrr55I0\nZXeQIpI3MqNcNET3zsMoFakOkAvHL+8vMInqWhCr2ePL06A9SURl5RTXHN4RATCG\nF3MIOzOZxru1RNiqf+9iav0rYRpJqROGIZYcbd9axee8mQer71ANPH1WuSI=\n-----END RSA PRIVATE KEY-----\n",
            "content_base64": null,
            "content_base64sha256": "9bh0Dy6jUeWMErw+h428h5preeV3yxOr0QJRw4tTyPs=",
            "content_base64sha512": "I8BbH+tM64i3GORsrK7NEoOi+3tgMflRwZjBg1CZzJ6QEtgKUOMni10uh9s1WfBDeKZRh+j0fH/c6AaolLtWyg==",
            "content_md5": "574b20ae5e5882631fab459afc381e03",
            "content_sha1": "7bd52dcdea81bac583bab7ceb78672c26dba6072",
            "content_sha256": "f5b8740f2ea351e58c12bc3e878dbc879a6b79e577cb13abd10251c38b53c8fb",
            "content_sha512": "23c05b1feb4ceb88b718e46cacaecd1283a2fb7b6031f951c198c1835099cc9e9012d80a50e3278b5d2e87db3559f04378a65187e8f47c7fdce806a894bb56ca",
            "directory_permission": "0777",
            "file_permission": "0777",
            "filename": "GreenEnco_mumbai.pem",
            "id": "7bd52dcdea81bac583bab7ceb78672c26dba6072",
            "sensitive_content": null,
            "source": null
          },
          "sensitive_attributes": [
            [
              {
                "type": "get_attr",
                "value": "content"
              }
            ],
            [
              {
                "type": "get_attr",
                "value": "sensitive_content"
              }
            ]
          ],
          "dependencies": [
            "module.ec2.tls_private_key.rsa-4096-GreenEnco"
          ]
        }
      ]
    },
    {
      "module": "module.ec2",
      "mode": "managed",
      "type": "tls_private_key",
      "name": "rsa-4096-GreenEnco",
      "provider": "provider[\"registry.terraform.io/hashicorp/tls\"]",
      "instances": [
        {
          "schema_version": 1,
          "attributes": {
            "algorithm": "RSA",
            "ecdsa_curve": "P224",
            "id": "59f9076857cac0cf39933ef13571c0a92196a998",
            "private_key_openssh": "-----BEGIN OPENSSH PRIVATE KEY-----\nb3BlbnNzaC1rZXktdjEAAAAABG5vbmUAAAAEbm9uZQAAAAAAAAABAAACFwAAAAdz\nc2gtcnNhAAAAAwEAAQAAAgEAxUi+TiCPNVbUeC8L+V6nHAmbCnFGpU2yD5TXH/6/\nsIMktmSdQUwV1b/oRRCb84nOzIMiQPC9XJFYr0Dmd3HBIywO/hrz8o74Mh7TcwmE\napymkRPTffG27A7jv1kN6aAridD4qZXXXNiYJ2A7iU1gGFEPYN/feBthsdzKPAUp\nX7qjipRiuVQLuiT9GyV/uS8NVmPPdK6puapVbfC9+QshZXxu3YBFSxG8zzp9oLy4\nqBWNqjYDwYdlEKcPL6SglNnVyIwLRACi9BylD1OZTgc6dhO+OdIlxe3MqlkI2isa\ncEsRhDmlDGhmv0lHo30QPcMQH2PFrw9ImcJq2ZmV5D0xRAKwVHdvVuAMhRqG7zmc\n6Uo+gUmm3hMO6QM217DS2JIQjcVEVF3v5l1YYnf4/h9zN1dKM009VuyzaGpu9CDz\nz66M6QaoOLPxZdhGlzwk64edwXv28EXI1IhKmWjR1rxzEsT2GJqiWtCAlQfXFS2f\ngc6Ig5TiLbbTsytVsFT249hzhHuPB6oanlQ5OEBIPEJr885/JxuZDehf/tYz2y3Y\n9rGdoGhhTUnZRFpFDZ6E7Y3fL7coqJZrtnSPdYJ5JfNWNkBH05T+fRSLP98AtXJf\nXFK8hZd6updjkziKL5hgbYPUX4wHOn/W5fi+1CuWqKpXRTCJscx5iGdBj3vH3MnK\n3FUAAAc4vf0Bx739AccAAAAHc3NoLXJzYQAAAgEAxUi+TiCPNVbUeC8L+V6nHAmb\nCnFGpU2yD5TXH/6/sIMktmSdQUwV1b/oRRCb84nOzIMiQPC9XJFYr0Dmd3HBIywO\n/hrz8o74Mh7TcwmEapymkRPTffG27A7jv1kN6aAridD4qZXXXNiYJ2A7iU1gGFEP\nYN/feBthsdzKPAUpX7qjipRiuVQLuiT9GyV/uS8NVmPPdK6puapVbfC9+QshZXxu\n3YBFSxG8zzp9oLy4qBWNqjYDwYdlEKcPL6SglNnVyIwLRACi9BylD1OZTgc6dhO+\nOdIlxe3MqlkI2isacEsRhDmlDGhmv0lHo30QPcMQH2PFrw9ImcJq2ZmV5D0xRAKw\nVHdvVuAMhRqG7zmc6Uo+gUmm3hMO6QM217DS2JIQjcVEVF3v5l1YYnf4/h9zN1dK\nM009VuyzaGpu9CDzz66M6QaoOLPxZdhGlzwk64edwXv28EXI1IhKmWjR1rxzEsT2\nGJqiWtCAlQfXFS2fgc6Ig5TiLbbTsytVsFT249hzhHuPB6oanlQ5OEBIPEJr885/\nJxuZDehf/tYz2y3Y9rGdoGhhTUnZRFpFDZ6E7Y3fL7coqJZrtnSPdYJ5JfNWNkBH\n05T+fRSLP98AtXJfXFK8hZd6updjkziKL5hgbYPUX4wHOn/W5fi+1CuWqKpXRTCJ\nscx5iGdBj3vH3MnK3FUAAAADAQABAAACADowRIFCtTqkS7LPHZcFxgBNDP+9fXrQ\nOc7CtdjoCJ4FcFSjxIY37NDI87c7OORSJz7HBtlkqFWfQSsf11ovoSnAmwNz67QF\nW0tdMDzj97yCS9bKpDyniK6DjcUofSQFbBIQIufSHF10PRyQE79hpRBHCGQoY/9H\nBD+zwaqGUze7EvWS4rOLCJJ0ynqxSsTSDfsHIW9m/QSYKu5sbXwBPm5yjzih1s5X\ngvsUY21/fG+HO+uSVvVD/Bk3TRFeW0bMIXQvajs6fNXHhR/KJpOPKj0dgaQISb/h\nbdZowGWpBPlOCvKXFglc2cFd2dVs09eDq0O2593EgkNnxqA73qwdKGRDhsqyrTQB\n6J4QPF9GBH40aAvp0rmLaMrpTU8i11YrWjA/0dPEbh8F9ourIiijjqw7oTZ5r4SU\nRF/ozwplxb/g9FtgxjdR1EHs6NeGG0mv1RPlUCGzzlu3c3zW194mViOpl0262L1h\n2qQC+18NVx8T3fSbienc4ifg3cwANjMMGQmhqNm0MutMdwcy7Azi5LNI/EVJY9Ze\nlB8eYV6t/vmJX9+kYkcHxUsSQOMzIZiSnFeWTmlSECHeR6c59IUspAifh5BN3KKZ\nw26j5xsppwqqW9BCh2AOEFu6rPiXxz30tu3HJO1dYDlpPCJp9z/RYa/wsa3yL7AG\nBYCQEWVs3FLZAAABAF0VEi4QtxZ+33En6d0126PY2p0mDobsiHhPatQiBz9Ajp+S\n+vwaMagOFUnSvECSJYOpxV9YFKR6giki6UkDN0fK/TaRnM5DwCGgiwQ18aVWgnul\ngWbn6tbJuiwTXjN3bF14FscYOQiYWiiXpYg9G/oDEpeq8DopkJyolSEexIGDUetM\n7eFlxdhlQRrKYDRA7j0rQG67+xTEjYDdiOBGOYrr55I0ZXeQIpI3MqNcNET3zsMo\nFakOkAvHL+8vMInqWhCr2ePL06A9SURl5RTXHN4RATCGF3MIOzOZxru1RNiqf+9i\nav0rYRpJqROGIZYcbd9axee8mQer71ANPH1WuSIAAAEBAMjhm48z8PWjOZ0nhxS/\nKe+8bjfFP4a318A0o0fODc1q1aPwWA7rl2lnJdjIzky1EXwZ5k/6PgmAaoDg83rO\neU/hQkHYq4JGXGEOI/EsgHiBlqM340a3R/RCaypHzwzjqWkBNrynSJrXOWv90/Bq\nIbVUGsdWoDz6sZ9/KK3MixIXzmnQr1QcrGanQYZuf/BLS4CMOEYIx+co4RWO08Tl\nuVPOO5mvKBtoTaV1kEPexi7goBMzt2II4/dR8DhTaWFmUT6cxkwaNoeTupcS53jZ\n3+6EHGKHSpb3fZC2TqW9L1wyQ57Mexgz4zhErnSET8q8+33/WOQ3+LALPxwqPrT+\nlO8AAAEBAPtqdvy8CbmdBmZFHIR9ENfXwbqfpdSX0x8JMQtacE4ISKvh2286Fb05\nqHS7OMeZyJcfo4m5dy9qxZWoISooH4gevAXsBjABSG/mXENHP0mBJAH8mAd2184F\n860q2RC9BdLK2xxg8DfwbNSegWiQ4jDsdqmYTQxZTPEuzPhfdrOapg/Nt1UA8dtQ\n6lSgO/NjTBRso3t3HRpRm4i/+p/+0iQg6IaE3BNktySI2u7+d2m8cjRW2CQu2uFX\nngHredwPIgM6e6N3RiyvXSKPBNHkyHiVMBh7XNvWdd7OWj/008hEY/Ha/T+sPpFB\nmf4/YOQIWgj5PcJv4ouezHjpYMJ6ivsAAAAAAQID\n-----END OPENSSH PRIVATE KEY-----\n",
            "private_key_pem": "-----BEGIN RSA PRIVATE KEY-----\nMIIJKAIBAAKCAgEAxUi+TiCPNVbUeC8L+V6nHAmbCnFGpU2yD5TXH/6/sIMktmSd\nQUwV1b/oRRCb84nOzIMiQPC9XJFYr0Dmd3HBIywO/hrz8o74Mh7TcwmEapymkRPT\nffG27A7jv1kN6aAridD4qZXXXNiYJ2A7iU1gGFEPYN/feBthsdzKPAUpX7qjipRi\nuVQLuiT9GyV/uS8NVmPPdK6puapVbfC9+QshZXxu3YBFSxG8zzp9oLy4qBWNqjYD\nwYdlEKcPL6SglNnVyIwLRACi9BylD1OZTgc6dhO+OdIlxe3MqlkI2isacEsRhDml\nDGhmv0lHo30QPcMQH2PFrw9ImcJq2ZmV5D0xRAKwVHdvVuAMhRqG7zmc6Uo+gUmm\n3hMO6QM217DS2JIQjcVEVF3v5l1YYnf4/h9zN1dKM009VuyzaGpu9CDzz66M6Qao\nOLPxZdhGlzwk64edwXv28EXI1IhKmWjR1rxzEsT2GJqiWtCAlQfXFS2fgc6Ig5Ti\nLbbTsytVsFT249hzhHuPB6oanlQ5OEBIPEJr885/JxuZDehf/tYz2y3Y9rGdoGhh\nTUnZRFpFDZ6E7Y3fL7coqJZrtnSPdYJ5JfNWNkBH05T+fRSLP98AtXJfXFK8hZd6\nupdjkziKL5hgbYPUX4wHOn/W5fi+1CuWqKpXRTCJscx5iGdBj3vH3MnK3FUCAwEA\nAQKCAgA6MESBQrU6pEuyzx2XBcYATQz/vX160DnOwrXY6AieBXBUo8SGN+zQyPO3\nOzjkUic+xwbZZKhVn0ErH9daL6EpwJsDc+u0BVtLXTA84/e8gkvWyqQ8p4iug43F\nKH0kBWwSECLn0hxddD0ckBO/YaUQRwhkKGP/RwQ/s8GqhlM3uxL1kuKziwiSdMp6\nsUrE0g37ByFvZv0EmCrubG18AT5uco84odbOV4L7FGNtf3xvhzvrklb1Q/wZN00R\nXltGzCF0L2o7OnzVx4UfyiaTjyo9HYGkCEm/4W3WaMBlqQT5TgrylxYJXNnBXdnV\nbNPXg6tDtufdxIJDZ8agO96sHShkQ4bKsq00AeieEDxfRgR+NGgL6dK5i2jK6U1P\nItdWK1owP9HTxG4fBfaLqyIoo46sO6E2ea+ElERf6M8KZcW/4PRbYMY3UdRB7OjX\nhhtJr9UT5VAhs85bt3N81tfeJlYjqZdNuti9YdqkAvtfDVcfE930m4np3OIn4N3M\nADYzDBkJoajZtDLrTHcHMuwM4uSzSPxFSWPWXpQfHmFerf75iV/fpGJHB8VLEkDj\nMyGYkpxXlk5pUhAh3kenOfSFLKQIn4eQTdyimcNuo+cbKacKqlvQQodgDhBbuqz4\nl8c99LbtxyTtXWA5aTwiafc/0WGv8LGt8i+wBgWAkBFlbNxS2QKCAQEAyOGbjzPw\n9aM5nSeHFL8p77xuN8U/hrfXwDSjR84NzWrVo/BYDuuXaWcl2MjOTLURfBnmT/o+\nCYBqgODzes55T+FCQdirgkZcYQ4j8SyAeIGWozfjRrdH9EJrKkfPDOOpaQE2vKdI\nmtc5a/3T8GohtVQax1agPPqxn38orcyLEhfOadCvVBysZqdBhm5/8EtLgIw4RgjH\n5yjhFY7TxOW5U847ma8oG2hNpXWQQ97GLuCgEzO3Ygjj91HwOFNpYWZRPpzGTBo2\nh5O6lxLneNnf7oQcYodKlvd9kLZOpb0vXDJDnsx7GDPjOESudIRPyrz7ff9Y5Df4\nsAs/HCo+tP6U7wKCAQEA+2p2/LwJuZ0GZkUchH0Q19fBup+l1JfTHwkxC1pwTghI\nq+HbbzoVvTmodLs4x5nIlx+jibl3L2rFlaghKigfiB68BewGMAFIb+ZcQ0c/SYEk\nAfyYB3bXzgXzrSrZEL0F0srbHGDwN/Bs1J6BaJDiMOx2qZhNDFlM8S7M+F92s5qm\nD823VQDx21DqVKA782NMFGyje3cdGlGbiL/6n/7SJCDohoTcE2S3JIja7v53abxy\nNFbYJC7a4VeeAet53A8iAzp7o3dGLK9dIo8E0eTIeJUwGHtc29Z13s5aP/TTyERj\n8dr9P6w+kUGZ/j9g5AhaCPk9wm/ii57MeOlgwnqK+wKCAQAh8lY6bfmjWREMaLig\nHen1VG9/xzqEBp9UINES+lREyXAPAzeuVcvBiSfRKaYLOnIY+bt8+nnvWx8kZl9e\n+nNvt05eGEJrgn5r/FrAj9eqBaQyMuiac7CaK3s2qunncLWZRBY+7ToMyKAwirV9\nJEJMBUl9NDth8q9/l5qFPFKoHRPJt/VZDntn4Y3mLNg8AE1jDM8ZrrQxcSwQW5GX\n7YZTDj/uKbZqY0bz1hkqDwSIuXbzp8Kus3fqvJMOwbHGPuct4Ip2I9vhL2rRyuUI\n/DCmevbdA6XsOyiiAtzpjz3oo6nftQh8P5B/WsPsdsuRJDyPv04DSx4gidYBaXYt\nWfRLAoIBAQCC3aL74ODrBcor97NlXzgiMcM8YhdOdozFLeKidzvX0kYJefHfjot8\nSIPf5wgiFXEtAKH+cVSRkPEx+ibxK5tmHiFer8F0wWY0IONLfc16dEcK5bE4yWqB\naeWx8Ii2Rr2+QCsXNXo0k+gCMFNJ24hxUNRfaNBKKj17mRHGAuLlkAz6UuknzOsX\nbqHa1OD/ymLyiq35+UFjzrC32L4bA+fcOGjwhD2NtrIByV60Yi5EEnwbtEyjYOQ7\nwYCUnT58BkB9D7cFmnMjlVBUSb+HhZ+37Gfxhl0KbTJDfIPLoKOQLdEcNhH2T7Dt\nqQkAJ3tGlvZOj3XPPK/eXxUtpsTf1it7AoIBAF0VEi4QtxZ+33En6d0126PY2p0m\nDobsiHhPatQiBz9Ajp+S+vwaMagOFUnSvECSJYOpxV9YFKR6giki6UkDN0fK/TaR\nnM5DwCGgiwQ18aVWgnulgWbn6tbJuiwTXjN3bF14FscYOQiYWiiXpYg9G/oDEpeq\n8DopkJyolSEexIGDUetM7eFlxdhlQRrKYDRA7j0rQG67+xTEjYDdiOBGOYrr55I0\nZXeQIpI3MqNcNET3zsMoFakOkAvHL+8vMInqWhCr2ePL06A9SURl5RTXHN4RATCG\nF3MIOzOZxru1RNiqf+9iav0rYRpJqROGIZYcbd9axee8mQer71ANPH1WuSI=\n-----END RSA PRIVATE KEY-----\n",
            "private_key_pem_pkcs8": "-----BEGIN PRIVATE KEY-----\nMIIJQgIBADANBgkqhkiG9w0BAQEFAASCCSwwggkoAgEAAoICAQDFSL5OII81VtR4\nLwv5XqccCZsKcUalTbIPlNcf/r+wgyS2ZJ1BTBXVv+hFEJvzic7MgyJA8L1ckViv\nQOZ3ccEjLA7+GvPyjvgyHtNzCYRqnKaRE9N98bbsDuO/WQ3poCuJ0Piplddc2Jgn\nYDuJTWAYUQ9g3994G2Gx3Mo8BSlfuqOKlGK5VAu6JP0bJX+5Lw1WY890rqm5qlVt\n8L35CyFlfG7dgEVLEbzPOn2gvLioFY2qNgPBh2UQpw8vpKCU2dXIjAtEAKL0HKUP\nU5lOBzp2E7450iXF7cyqWQjaKxpwSxGEOaUMaGa/SUejfRA9wxAfY8WvD0iZwmrZ\nmZXkPTFEArBUd29W4AyFGobvOZzpSj6BSabeEw7pAzbXsNLYkhCNxURUXe/mXVhi\nd/j+H3M3V0ozTT1W7LNoam70IPPProzpBqg4s/Fl2EaXPCTrh53Be/bwRcjUiEqZ\naNHWvHMSxPYYmqJa0ICVB9cVLZ+BzoiDlOItttOzK1WwVPbj2HOEe48HqhqeVDk4\nQEg8Qmvzzn8nG5kN6F/+1jPbLdj2sZ2gaGFNSdlEWkUNnoTtjd8vtyiolmu2dI91\ngnkl81Y2QEfTlP59FIs/3wC1cl9cUryFl3q6l2OTOIovmGBtg9RfjAc6f9bl+L7U\nK5aoqldFMImxzHmIZ0GPe8fcycrcVQIDAQABAoICADowRIFCtTqkS7LPHZcFxgBN\nDP+9fXrQOc7CtdjoCJ4FcFSjxIY37NDI87c7OORSJz7HBtlkqFWfQSsf11ovoSnA\nmwNz67QFW0tdMDzj97yCS9bKpDyniK6DjcUofSQFbBIQIufSHF10PRyQE79hpRBH\nCGQoY/9HBD+zwaqGUze7EvWS4rOLCJJ0ynqxSsTSDfsHIW9m/QSYKu5sbXwBPm5y\njzih1s5XgvsUY21/fG+HO+uSVvVD/Bk3TRFeW0bMIXQvajs6fNXHhR/KJpOPKj0d\ngaQISb/hbdZowGWpBPlOCvKXFglc2cFd2dVs09eDq0O2593EgkNnxqA73qwdKGRD\nhsqyrTQB6J4QPF9GBH40aAvp0rmLaMrpTU8i11YrWjA/0dPEbh8F9ourIiijjqw7\noTZ5r4SURF/ozwplxb/g9FtgxjdR1EHs6NeGG0mv1RPlUCGzzlu3c3zW194mViOp\nl0262L1h2qQC+18NVx8T3fSbienc4ifg3cwANjMMGQmhqNm0MutMdwcy7Azi5LNI\n/EVJY9ZelB8eYV6t/vmJX9+kYkcHxUsSQOMzIZiSnFeWTmlSECHeR6c59IUspAif\nh5BN3KKZw26j5xsppwqqW9BCh2AOEFu6rPiXxz30tu3HJO1dYDlpPCJp9z/RYa/w\nsa3yL7AGBYCQEWVs3FLZAoIBAQDI4ZuPM/D1ozmdJ4cUvynvvG43xT+Gt9fANKNH\nzg3NatWj8FgO65dpZyXYyM5MtRF8GeZP+j4JgGqA4PN6znlP4UJB2KuCRlxhDiPx\nLIB4gZajN+NGt0f0QmsqR88M46lpATa8p0ia1zlr/dPwaiG1VBrHVqA8+rGffyit\nzIsSF85p0K9UHKxmp0GGbn/wS0uAjDhGCMfnKOEVjtPE5blTzjuZrygbaE2ldZBD\n3sYu4KATM7diCOP3UfA4U2lhZlE+nMZMGjaHk7qXEud42d/uhBxih0qW932Qtk6l\nvS9cMkOezHsYM+M4RK50hE/KvPt9/1jkN/iwCz8cKj60/pTvAoIBAQD7anb8vAm5\nnQZmRRyEfRDX18G6n6XUl9MfCTELWnBOCEir4dtvOhW9Oah0uzjHmciXH6OJuXcv\nasWVqCEqKB+IHrwF7AYwAUhv5lxDRz9JgSQB/JgHdtfOBfOtKtkQvQXSytscYPA3\n8GzUnoFokOIw7HapmE0MWUzxLsz4X3azmqYPzbdVAPHbUOpUoDvzY0wUbKN7dx0a\nUZuIv/qf/tIkIOiGhNwTZLckiNru/ndpvHI0VtgkLtrhV54B63ncDyIDOnujd0Ys\nr10ijwTR5Mh4lTAYe1zb1nXezlo/9NPIRGPx2v0/rD6RQZn+P2DkCFoI+T3Cb+KL\nnsx46WDCeor7AoIBACHyVjpt+aNZEQxouKAd6fVUb3/HOoQGn1Qg0RL6VETJcA8D\nN65Vy8GJJ9Eppgs6chj5u3z6ee9bHyRmX176c2+3Tl4YQmuCfmv8WsCP16oFpDIy\n6JpzsJorezaq6edwtZlEFj7tOgzIoDCKtX0kQkwFSX00O2Hyr3+XmoU8UqgdE8m3\n9VkOe2fhjeYs2DwATWMMzxmutDFxLBBbkZfthlMOP+4ptmpjRvPWGSoPBIi5dvOn\nwq6zd+q8kw7BscY+5y3ginYj2+EvatHK5Qj8MKZ69t0Dpew7KKIC3OmPPeijqd+1\nCHw/kH9aw+x2y5EkPI+/TgNLHiCJ1gFpdi1Z9EsCggEBAILdovvg4OsFyiv3s2Vf\nOCIxwzxiF052jMUt4qJ3O9fSRgl58d+Oi3xIg9/nCCIVcS0Aof5xVJGQ8TH6JvEr\nm2YeIV6vwXTBZjQg40t9zXp0RwrlsTjJaoFp5bHwiLZGvb5AKxc1ejST6AIwU0nb\niHFQ1F9o0EoqPXuZEcYC4uWQDPpS6SfM6xduodrU4P/KYvKKrfn5QWPOsLfYvhsD\n59w4aPCEPY22sgHJXrRiLkQSfBu0TKNg5DvBgJSdPnwGQH0PtwWacyOVUFRJv4eF\nn7fsZ/GGXQptMkN8g8ugo5At0Rw2EfZPsO2pCQAne0aW9k6Pdc88r95fFS2mxN/W\nK3sCggEAXRUSLhC3Fn7fcSfp3TXbo9janSYOhuyIeE9q1CIHP0COn5L6/BoxqA4V\nSdK8QJIlg6nFX1gUpHqCKSLpSQM3R8r9NpGczkPAIaCLBDXxpVaCe6WBZufq1sm6\nLBNeM3dsXXgWxxg5CJhaKJeliD0b+gMSl6rwOimQnKiVIR7EgYNR60zt4WXF2GVB\nGspgNEDuPStAbrv7FMSNgN2I4EY5iuvnkjRld5Aikjcyo1w0RPfOwygVqQ6QC8cv\n7y8wiepaEKvZ48vToD1JRGXlFNcc3hEBMIYXcwg7M5nGu7VE2Kp/72Jq/SthGkmp\nE4Yhlhxt31rF57yZB6vvUA08fVa5Ig==\n-----END PRIVATE KEY-----\n",
            "public_key_fingerprint_md5": "49:ea:7a:e2:df:b7:c6:b9:7e:a7:45:07:9c:b7:01:81",
            "public_key_fingerprint_sha256": "SHA256:o+Z8Pkg+jtOObd3KjkyLpvu1N6nM4xnXzwdUWse4f1M",
            "public_key_openssh": "ssh-rsa AAAAB3NzaC1yc2EAAAADAQABAAACAQDFSL5OII81VtR4Lwv5XqccCZsKcUalTbIPlNcf/r+wgyS2ZJ1BTBXVv+hFEJvzic7MgyJA8L1ckVivQOZ3ccEjLA7+GvPyjvgyHtNzCYRqnKaRE9N98bbsDuO/WQ3poCuJ0Piplddc2JgnYDuJTWAYUQ9g3994G2Gx3Mo8BSlfuqOKlGK5VAu6JP0bJX+5Lw1WY890rqm5qlVt8L35CyFlfG7dgEVLEbzPOn2gvLioFY2qNgPBh2UQpw8vpKCU2dXIjAtEAKL0HKUPU5lOBzp2E7450iXF7cyqWQjaKxpwSxGEOaUMaGa/SUejfRA9wxAfY8WvD0iZwmrZmZXkPTFEArBUd29W4AyFGobvOZzpSj6BSabeEw7pAzbXsNLYkhCNxURUXe/mXVhid/j+H3M3V0ozTT1W7LNoam70IPPProzpBqg4s/Fl2EaXPCTrh53Be/bwRcjUiEqZaNHWvHMSxPYYmqJa0ICVB9cVLZ+BzoiDlOItttOzK1WwVPbj2HOEe48HqhqeVDk4QEg8Qmvzzn8nG5kN6F/+1jPbLdj2sZ2gaGFNSdlEWkUNnoTtjd8vtyiolmu2dI91gnkl81Y2QEfTlP59FIs/3wC1cl9cUryFl3q6l2OTOIovmGBtg9RfjAc6f9bl+L7UK5aoqldFMImxzHmIZ0GPe8fcycrcVQ==\n",
            "public_key_pem": "-----BEGIN PUBLIC KEY-----\nMIICIjANBgkqhkiG9w0BAQEFAAOCAg8AMIICCgKCAgEAxUi+TiCPNVbUeC8L+V6n\nHAmbCnFGpU2yD5TXH/6/sIMktmSdQUwV1b/oRRCb84nOzIMiQPC9XJFYr0Dmd3HB\nIywO/hrz8o74Mh7TcwmEapymkRPTffG27A7jv1kN6aAridD4qZXXXNiYJ2A7iU1g\nGFEPYN/feBthsdzKPAUpX7qjipRiuVQLuiT9GyV/uS8NVmPPdK6puapVbfC9+Qsh\nZXxu3YBFSxG8zzp9oLy4qBWNqjYDwYdlEKcPL6SglNnVyIwLRACi9BylD1OZTgc6\ndhO+OdIlxe3MqlkI2isacEsRhDmlDGhmv0lHo30QPcMQH2PFrw9ImcJq2ZmV5D0x\nRAKwVHdvVuAMhRqG7zmc6Uo+gUmm3hMO6QM217DS2JIQjcVEVF3v5l1YYnf4/h9z\nN1dKM009VuyzaGpu9CDzz66M6QaoOLPxZdhGlzwk64edwXv28EXI1IhKmWjR1rxz\nEsT2GJqiWtCAlQfXFS2fgc6Ig5TiLbbTsytVsFT249hzhHuPB6oanlQ5OEBIPEJr\n885/JxuZDehf/tYz2y3Y9rGdoGhhTUnZRFpFDZ6E7Y3fL7coqJZrtnSPdYJ5JfNW\nNkBH05T+fRSLP98AtXJfXFK8hZd6updjkziKL5hgbYPUX4wHOn/W5fi+1CuWqKpX\nRTCJscx5iGdBj3vH3MnK3FUCAwEAAQ==\n-----END PUBLIC KEY-----\n",
            "rsa_bits": 4096
          },
          "sensitive_attributes": [
            [
              {
                "type": "get_attr",
                "value": "private_key_pem"
              }
            ],
            [
              {
                "type": "get_attr",
                "value": "private_key_openssh"
              }
            ],
            [
              {
                "type": "get_attr",
                "value": "private_key_pem_pkcs8"
              }
            ]
          ]
        }
      ]
    },
    {
      "module": "module.ecr",
      "mode": "data",
      "type": "aws_caller_identity",
      "name": "current",
      "provider": "provider[\"registry.terraform.io/hashicorp/aws\"]",
      "instances": [
        {
          "schema_version": 0,
          "attributes": {
            "account_id": "905418215222",
            "arn": "arn:aws:iam::905418215222:user/Prachi_Bawangade",
            "id": "905418215222",
            "user_id": "AIDA5FTZBR43CXYNYIDL6"
          },
          "sensitive_attributes": []
        }
      ]
    },
    {
      "module": "module.ecr",
      "mode": "data",
      "type": "aws_region",
      "name": "current",
      "provider": "provider[\"registry.terraform.io/hashicorp/aws\"]",
      "instances": [
        {
          "schema_version": 0,
          "attributes": {
            "description": "Asia Pacific (Mumbai)",
            "endpoint": "ec2.ap-south-1.amazonaws.com",
            "id": "ap-south-1",
            "name": "ap-south-1"
          },
          "sensitive_attributes": []
        }
      ]
    },
    {
      "module": "module.ecr",
      "mode": "managed",
      "type": "aws_ecr_repository",
      "name": "greenenco-docker-img-repo",
      "provider": "provider[\"registry.terraform.io/hashicorp/aws\"]",
      "instances": [
        {
          "schema_version": 0,
          "attributes": {
            "arn": "arn:aws:ecr:ap-south-1:905418215222:repository/greenenco-docker-img-repo",
            "encryption_configuration": [
              {
                "encryption_type": "KMS",
                "kms_key": "arn:aws:kms:ap-south-1:905418215222:key/86f6c3fb-c583-408a-9b2a-ceb5da00a412"
              }
            ],
            "force_delete": null,
            "id": "greenenco-docker-img-repo",
            "image_scanning_configuration": [
              {
                "scan_on_push": true
              }
            ],
            "image_tag_mutability": "MUTABLE",
            "name": "greenenco-docker-img-repo",
            "registry_id": "905418215222",
            "repository_url": "905418215222.dkr.ecr.ap-south-1.amazonaws.com/greenenco-docker-img-repo",
            "tags": {},
            "tags_all": {},
            "timeouts": null
          },
          "sensitive_attributes": [],
          "private": "eyJlMmJmYjczMC1lY2FhLTExZTYtOGY4OC0zNDM2M2JjN2M0YzAiOnsiZGVsZXRlIjoxMjAwMDAwMDAwMDAwfX0=",
          "dependencies": [
            "module.ecr.aws_kms_key.GreenEnco_kms_key",
            "module.ecr.data.aws_caller_identity.current"
          ]
        }
      ]
    },
    {
      "module": "module.ecr",
      "mode": "managed",
      "type": "aws_ecr_repository_policy",
      "name": "GreenEnco-repo-policy",
      "provider": "provider[\"registry.terraform.io/hashicorp/aws\"]",
      "instances": [
        {
          "schema_version": 0,
          "attributes": {
            "id": "greenenco-docker-img-repo",
            "policy": "{\"Statement\":[{\"Action\":[\"ecr:BatchCheckLayerAvailability\",\"ecr:BatchGetImage\",\"ecr:CompleteLayerUpload\",\"ecr:GetDownloadUrlForLayer\",\"ecr:GetLifecyclePolicy\",\"ecr:InitiateLayerUpload\",\"ecr:PutImage\",\"ecr:UploadLayerPart\",\"ecr:DescribeRepositories\",\"ecr:GetRepositoryPolicy\",\"ecr:ListImages\",\"ecr:DeleteRepository\",\"ecr:BatchDeleteImage\",\"ecr:SetRepositoryPolicy\",\"ecr:DeleteRepositoryPolicy\"],\"Effect\":\"Allow\",\"Principal\":\"*\",\"Sid\":\"adds full ecr access to the GreenEnco repository\"}],\"Version\":\"2008-10-17\"}",
            "registry_id": "905418215222",
            "repository": "greenenco-docker-img-repo"
          },
          "sensitive_attributes": [],
          "private": "bnVsbA==",
          "dependencies": [
            "module.ecr.aws_ecr_repository.greenenco-docker-img-repo",
            "module.ecr.aws_kms_key.GreenEnco_kms_key",
            "module.ecr.data.aws_caller_identity.current"
          ]
        }
      ]
    },
    {
      "module": "module.ecr",
      "mode": "managed",
      "type": "aws_kms_alias",
      "name": "GreenEnco_kms_alias",
      "provider": "provider[\"registry.terraform.io/hashicorp/aws\"]",
      "instances": [
        {
          "schema_version": 0,
          "attributes": {
            "arn": "arn:aws:kms:ap-south-1:905418215222:alias/GreenEnco-alias",
            "id": "alias/GreenEnco-alias",
            "name": "alias/GreenEnco-alias",
            "name_prefix": "",
            "target_key_arn": "arn:aws:kms:ap-south-1:905418215222:key/86f6c3fb-c583-408a-9b2a-ceb5da00a412",
            "target_key_id": "86f6c3fb-c583-408a-9b2a-ceb5da00a412"
          },
          "sensitive_attributes": [],
          "private": "bnVsbA==",
          "dependencies": [
            "module.ecr.aws_kms_key.GreenEnco_kms_key",
            "module.ecr.data.aws_caller_identity.current"
          ]
        }
      ]
    },
    {
      "module": "module.ecr",
      "mode": "managed",
      "type": "aws_kms_key",
      "name": "GreenEnco_kms_key",
      "provider": "provider[\"registry.terraform.io/hashicorp/aws\"]",
      "instances": [
        {
          "schema_version": 0,
          "attributes": {
            "arn": "arn:aws:kms:ap-south-1:905418215222:key/86f6c3fb-c583-408a-9b2a-ceb5da00a412",
            "bypass_policy_lockout_safety_check": false,
            "custom_key_store_id": "",
            "customer_master_key_spec": "SYMMETRIC_DEFAULT",
            "deletion_window_in_days": 7,
            "description": "GreenEnco KMS Keys for Data Encryption",
            "enable_key_rotation": true,
            "id": "86f6c3fb-c583-408a-9b2a-ceb5da00a412",
            "is_enabled": true,
            "key_id": "86f6c3fb-c583-408a-9b2a-ceb5da00a412",
            "key_usage": "ENCRYPT_DECRYPT",
            "multi_region": false,
            "policy": "{\"Id\":\"key-consolepolicy-3\",\"Statement\":[{\"Action\":\"kms:*\",\"Effect\":\"Allow\",\"Principal\":{\"AWS\":\"arn:aws:iam::905418215222:root\"},\"Resource\":\"*\",\"Sid\":\"Enable IAM User Permissions\"}],\"Version\":\"2012-10-17\"}",
            "rotation_period_in_days": 365,
            "tags": {
              "Name": "GreenEnco_kms_key"
            },
            "tags_all": {
              "Name": "GreenEnco_kms_key"
            },
            "timeouts": null,
            "xks_key_id": ""
          },
          "sensitive_attributes": [],
          "private": "eyJlMmJmYjczMC1lY2FhLTExZTYtOGY4OC0zNDM2M2JjN2M0YzAiOnsiY3JlYXRlIjoxMjAwMDAwMDAwMDB9fQ==",
          "dependencies": [
            "module.ecr.data.aws_caller_identity.current"
          ]
        }
      ]
    },
    {
      "module": "module.ecr",
      "mode": "managed",
      "type": "aws_vpc_endpoint",
      "name": "ecr_vpc_endpoint",
      "provider": "provider[\"registry.terraform.io/hashicorp/aws\"]",
      "instances": [
        {
          "schema_version": 0,
          "attributes": {
            "arn": "arn:aws:ec2:ap-south-1:905418215222:vpc-endpoint/vpce-06eda15bdb4fa4ea4",
            "auto_accept": null,
            "cidr_blocks": [],
            "dns_entry": [
              {
                "dns_name": "vpce-06eda15bdb4fa4ea4-0slouuzg.dkr.ecr.ap-south-1.vpce.amazonaws.com",
                "hosted_zone_id": "Z2KVTB3ZLFM7JR"
              },
              {
                "dns_name": "vpce-06eda15bdb4fa4ea4-0slouuzg-ap-south-1b.dkr.ecr.ap-south-1.vpce.amazonaws.com",
                "hosted_zone_id": "Z2KVTB3ZLFM7JR"
              },
              {
                "dns_name": "vpce-06eda15bdb4fa4ea4-0slouuzg-ap-south-1a.dkr.ecr.ap-south-1.vpce.amazonaws.com",
                "hosted_zone_id": "Z2KVTB3ZLFM7JR"
              },
              {
                "dns_name": "dkr.ecr.ap-south-1.amazonaws.com",
                "hosted_zone_id": "Z074717821WS6ZWY2V364"
              },
              {
                "dns_name": "*.dkr.ecr.ap-south-1.amazonaws.com",
                "hosted_zone_id": "Z074717821WS6ZWY2V364"
              },
              {
                "dns_name": "dkr-ecr.ap-south-1.on.aws",
                "hosted_zone_id": "Z07008551UBTSEMD26JEP"
              },
              {
                "dns_name": "*.dkr-ecr.ap-south-1.on.aws",
                "hosted_zone_id": "Z07008551UBTSEMD26JEP"
              }
            ],
            "dns_options": [
              {
                "dns_record_ip_type": "ipv4",
                "private_dns_only_for_inbound_resolver_endpoint": false
              }
            ],
            "id": "vpce-06eda15bdb4fa4ea4",
            "ip_address_type": "ipv4",
            "network_interface_ids": [
              "eni-0079157a634b9e927",
              "eni-0f589923ad309c3f5"
            ],
            "owner_id": "905418215222",
            "policy": "{\"Statement\":[{\"Action\":\"*\",\"Effect\":\"Allow\",\"Principal\":\"*\",\"Resource\":\"*\"}]}",
            "prefix_list_id": null,
            "private_dns_enabled": true,
            "requester_managed": false,
            "route_table_ids": [],
            "security_group_ids": [
              "sg-041a3da99449eb67a"
            ],
            "service_name": "com.amazonaws.ap-south-1.ecr.dkr",
            "service_region": "ap-south-1",
            "state": "available",
            "subnet_configuration": [
              {
                "ipv4": "10.0.1.64",
                "ipv6": "2406:da1a:5a5:2e01:9ace:792:c60e:558",
                "subnet_id": "subnet-0851cc0c87b6e8d0f"
              },
              {
                "ipv4": "10.0.2.53",
                "ipv6": "",
                "subnet_id": "subnet-0bc34522404c45ad3"
              }
            ],
            "subnet_ids": [
              "subnet-0851cc0c87b6e8d0f",
              "subnet-0bc34522404c45ad3"
            ],
            "tags": {},
            "tags_all": {},
            "timeouts": null,
            "vpc_endpoint_type": "Interface",
            "vpc_id": "vpc-01f069f17e0fe5eee"
          },
          "sensitive_attributes": [],
          "private": "eyJlMmJmYjczMC1lY2FhLTExZTYtOGY4OC0zNDM2M2JjN2M0YzAiOnsiY3JlYXRlIjo2MDAwMDAwMDAwMDAsImRlbGV0ZSI6NjAwMDAwMDAwMDAwLCJ1cGRhdGUiOjYwMDAwMDAwMDAwMH19",
          "dependencies": [
            "module.ec2.aws_security_group.GreenEnco_security_group_Private",
            "module.ecr.data.aws_region.current",
            "module.vpc.aws_subnet.private_01",
            "module.vpc.aws_subnet.public_01",
            "module.vpc.aws_vpc.vpc",
            "module.vpc.data.aws_vpc.vpc"
          ]
        }
      ]
    },
    {
      "module": "module.vpc",
      "mode": "data",
      "type": "aws_vpc",
      "name": "vpc",
      "provider": "provider[\"registry.terraform.io/hashicorp/aws\"]",
      "instances": [
        {
          "schema_version": 0,
          "attributes": {
            "arn": "arn:aws:ec2:ap-south-1:905418215222:vpc/vpc-01f069f17e0fe5eee",
            "cidr_block": "10.0.0.0/16",
            "cidr_block_associations": [
              {
                "association_id": "vpc-cidr-assoc-0460adc486dbbdb6f",
                "cidr_block": "10.0.0.0/16",
                "state": "associated"
              }
            ],
            "default": false,
            "dhcp_options_id": "dopt-0317d521db5d2be67",
            "enable_dns_hostnames": true,
            "enable_dns_support": true,
            "enable_network_address_usage_metrics": false,
            "filter": null,
            "id": "vpc-01f069f17e0fe5eee",
            "instance_tenancy": "default",
            "ipv6_association_id": "vpc-cidr-assoc-0c8261cde76fa2981",
            "ipv6_cidr_block": "2406:da1a:5a5:2e00::/56",
            "main_route_table_id": "rtb-0cc3928473906a609",
            "owner_id": "905418215222",
            "state": null,
            "tags": {
              "Name": "GreenEnco_VPC_Mumbai"
            },
            "timeouts": null
          },
          "sensitive_attributes": []
        }
      ]
    },
    {
      "module": "module.vpc",
      "mode": "managed",
      "type": "aws_egress_only_internet_gateway",
      "name": "egress",
      "provider": "provider[\"registry.terraform.io/hashicorp/aws\"]",
      "instances": [
        {
          "schema_version": 0,
          "attributes": {
            "id": "eigw-075bc90ee477e40cd",
            "tags": {},
            "tags_all": {},
            "vpc_id": "vpc-01f069f17e0fe5eee"
          },
          "sensitive_attributes": [],
          "private": "bnVsbA==",
          "dependencies": [
            "module.vpc.aws_vpc.vpc"
          ]
        }
      ]
    },
    {
      "module": "module.vpc",
      "mode": "managed",
      "type": "aws_eip",
      "name": "nat_eip",
      "provider": "provider[\"registry.terraform.io/hashicorp/aws\"]",
      "instances": [
        {
          "schema_version": 0,
          "attributes": {
            "address": null,
            "allocation_id": "eipalloc-01eeb10eac749306e",
            "arn": "arn:aws:ec2:ap-south-1:905418215222:elastic-ip/eipalloc-01eeb10eac749306e",
            "associate_with_private_ip": null,
            "association_id": "eipassoc-00cf2d3e548114689",
            "carrier_ip": "",
            "customer_owned_ip": "",
            "customer_owned_ipv4_pool": "",
            "domain": "vpc",
            "id": "eipalloc-01eeb10eac749306e",
            "instance": "",
            "ipam_pool_id": null,
            "network_border_group": "ap-south-1",
            "network_interface": "eni-0c1be90279a674098",
            "private_dns": "ip-10-0-1-229.ap-south-1.compute.internal",
            "private_ip": "10.0.1.229",
            "ptr_record": "",
            "public_dns": "ec2-13-202-236-192.ap-south-1.compute.amazonaws.com",
            "public_ip": "13.202.236.192",
            "public_ipv4_pool": "amazon",
            "tags": {
              "Name": "NAT EIP"
            },
            "tags_all": {
              "Name": "NAT EIP"
            },
            "timeouts": null,
            "vpc": true
          },
          "sensitive_attributes": [],
          "private": "eyJlMmJmYjczMC1lY2FhLTExZTYtOGY4OC0zNDM2M2JjN2M0YzAiOnsiZGVsZXRlIjoxODAwMDAwMDAwMDAsInJlYWQiOjkwMDAwMDAwMDAwMCwidXBkYXRlIjozMDAwMDAwMDAwMDB9fQ=="
        }
      ]
    },
    {
      "module": "module.vpc",
      "mode": "managed",
      "type": "aws_internet_gateway",
      "name": "igw",
      "provider": "provider[\"registry.terraform.io/hashicorp/aws\"]",
      "instances": [
        {
          "schema_version": 0,
          "attributes": {
            "arn": "arn:aws:ec2:ap-south-1:905418215222:internet-gateway/igw-0f9eccd670076437b",
            "id": "igw-0f9eccd670076437b",
            "owner_id": "905418215222",
            "tags": {
              "Name": "GreenEnco_Internet Gateway"
            },
            "tags_all": {
              "Name": "GreenEnco_Internet Gateway"
            },
            "timeouts": null,
            "vpc_id": "vpc-01f069f17e0fe5eee"
          },
          "sensitive_attributes": [],
          "private": "eyJlMmJmYjczMC1lY2FhLTExZTYtOGY4OC0zNDM2M2JjN2M0YzAiOnsiY3JlYXRlIjoxMjAwMDAwMDAwMDAwLCJkZWxldGUiOjEyMDAwMDAwMDAwMDAsInVwZGF0ZSI6MTIwMDAwMDAwMDAwMH19",
          "dependencies": [
            "module.vpc.aws_vpc.vpc"
          ]
        }
      ]
    },
    {
      "module": "module.vpc",
      "mode": "managed",
      "type": "aws_nat_gateway",
      "name": "nat_gw",
      "provider": "provider[\"registry.terraform.io/hashicorp/aws\"]",
      "instances": [
        {
          "schema_version": 0,
          "attributes": {
            "allocation_id": "eipalloc-01eeb10eac749306e",
            "association_id": "eipassoc-00cf2d3e548114689",
            "connectivity_type": "public",
            "id": "nat-0c3ec1a1ceddd6511",
            "network_interface_id": "eni-0c1be90279a674098",
            "private_ip": "10.0.1.229",
            "public_ip": "13.202.236.192",
            "secondary_allocation_ids": [],
            "secondary_private_ip_address_count": 0,
            "secondary_private_ip_addresses": [],
            "subnet_id": "subnet-0851cc0c87b6e8d0f",
            "tags": {
              "Name": "GreenEnco_NAT Gateway"
            },
            "tags_all": {
              "Name": "GreenEnco_NAT Gateway"
            },
            "timeouts": null
          },
          "sensitive_attributes": [],
          "private": "eyJlMmJmYjczMC1lY2FhLTExZTYtOGY4OC0zNDM2M2JjN2M0YzAiOnsiY3JlYXRlIjo2MDAwMDAwMDAwMDAsImRlbGV0ZSI6MTgwMDAwMDAwMDAwMCwidXBkYXRlIjo2MDAwMDAwMDAwMDB9fQ==",
          "dependencies": [
            "module.vpc.aws_eip.nat_eip",
            "module.vpc.aws_internet_gateway.igw",
            "module.vpc.aws_subnet.public_01",
            "module.vpc.aws_vpc.vpc",
            "module.vpc.data.aws_vpc.vpc"
          ]
        }
      ]
    },
    {
      "module": "module.vpc",
      "mode": "managed",
      "type": "aws_route_table",
      "name": "rt1",
      "provider": "provider[\"registry.terraform.io/hashicorp/aws\"]",
      "instances": [
        {
          "schema_version": 0,
          "attributes": {
            "arn": "arn:aws:ec2:ap-south-1:905418215222:route-table/rtb-0acae50a9a643622a",
            "id": "rtb-0acae50a9a643622a",
            "owner_id": "905418215222",
            "propagating_vgws": [],
            "route": [
              {
                "carrier_gateway_id": "",
                "cidr_block": "",
                "core_network_arn": "",
                "destination_prefix_list_id": "",
                "egress_only_gateway_id": "",
                "gateway_id": "igw-0f9eccd670076437b",
                "ipv6_cidr_block": "::/0",
                "local_gateway_id": "",
                "nat_gateway_id": "",
                "network_interface_id": "",
                "transit_gateway_id": "",
                "vpc_endpoint_id": "",
                "vpc_peering_connection_id": ""
              },
              {
                "carrier_gateway_id": "",
                "cidr_block": "0.0.0.0/0",
                "core_network_arn": "",
                "destination_prefix_list_id": "",
                "egress_only_gateway_id": "",
                "gateway_id": "igw-0f9eccd670076437b",
                "ipv6_cidr_block": "",
                "local_gateway_id": "",
                "nat_gateway_id": "",
                "network_interface_id": "",
                "transit_gateway_id": "",
                "vpc_endpoint_id": "",
                "vpc_peering_connection_id": ""
              }
            ],
            "tags": {
              "Name": "Public_GreenEnco_RouteTable"
            },
            "tags_all": {
              "Name": "Public_GreenEnco_RouteTable"
            },
            "timeouts": null,
            "vpc_id": "vpc-01f069f17e0fe5eee"
          },
          "sensitive_attributes": [],
          "private": "eyJlMmJmYjczMC1lY2FhLTExZTYtOGY4OC0zNDM2M2JjN2M0YzAiOnsiY3JlYXRlIjozMDAwMDAwMDAwMDAsImRlbGV0ZSI6MzAwMDAwMDAwMDAwLCJ1cGRhdGUiOjEyMDAwMDAwMDAwMH19",
          "dependencies": [
            "module.vpc.aws_internet_gateway.igw",
            "module.vpc.aws_vpc.vpc"
          ]
        }
      ]
    },
    {
      "module": "module.vpc",
      "mode": "managed",
      "type": "aws_route_table",
      "name": "rt2",
      "provider": "provider[\"registry.terraform.io/hashicorp/aws\"]",
      "instances": [
        {
          "schema_version": 0,
          "attributes": {
            "arn": "arn:aws:ec2:ap-south-1:905418215222:route-table/rtb-00483c4c1f4fc3abf",
            "id": "rtb-00483c4c1f4fc3abf",
            "owner_id": "905418215222",
            "propagating_vgws": [],
            "route": [
              {
                "carrier_gateway_id": "",
                "cidr_block": "0.0.0.0/0",
                "core_network_arn": "",
                "destination_prefix_list_id": "",
                "egress_only_gateway_id": "",
                "gateway_id": "",
                "ipv6_cidr_block": "",
                "local_gateway_id": "",
                "nat_gateway_id": "nat-0c3ec1a1ceddd6511",
                "network_interface_id": "",
                "transit_gateway_id": "",
                "vpc_endpoint_id": "",
                "vpc_peering_connection_id": ""
              }
            ],
            "tags": {
              "Name": "Private_GreenEnco_RouteTable"
            },
            "tags_all": {
              "Name": "Private_GreenEnco_RouteTable"
            },
            "timeouts": null,
            "vpc_id": "vpc-01f069f17e0fe5eee"
          },
          "sensitive_attributes": [],
          "private": "eyJlMmJmYjczMC1lY2FhLTExZTYtOGY4OC0zNDM2M2JjN2M0YzAiOnsiY3JlYXRlIjozMDAwMDAwMDAwMDAsImRlbGV0ZSI6MzAwMDAwMDAwMDAwLCJ1cGRhdGUiOjEyMDAwMDAwMDAwMH19",
          "dependencies": [
            "module.vpc.aws_eip.nat_eip",
            "module.vpc.aws_internet_gateway.igw",
            "module.vpc.aws_nat_gateway.nat_gw",
            "module.vpc.aws_subnet.public_01",
            "module.vpc.aws_vpc.vpc",
            "module.vpc.data.aws_vpc.vpc"
          ]
        }
      ]
    },
    {
      "module": "module.vpc",
      "mode": "managed",
      "type": "aws_route_table_association",
      "name": "subnet1_association",
      "provider": "provider[\"registry.terraform.io/hashicorp/aws\"]",
      "instances": [
        {
          "schema_version": 0,
          "attributes": {
            "gateway_id": "",
            "id": "rtbassoc-0ee89c12ec1b3fbb1",
            "route_table_id": "rtb-0acae50a9a643622a",
            "subnet_id": "subnet-0851cc0c87b6e8d0f",
            "timeouts": null
          },
          "sensitive_attributes": [],
          "private": "eyJlMmJmYjczMC1lY2FhLTExZTYtOGY4OC0zNDM2M2JjN2M0YzAiOnsiY3JlYXRlIjozMDAwMDAwMDAwMDAsImRlbGV0ZSI6MzAwMDAwMDAwMDAwLCJ1cGRhdGUiOjEyMDAwMDAwMDAwMH19",
          "dependencies": [
            "module.vpc.aws_internet_gateway.igw",
            "module.vpc.aws_route_table.rt1",
            "module.vpc.aws_subnet.public_01",
            "module.vpc.aws_vpc.vpc",
            "module.vpc.data.aws_vpc.vpc"
          ]
        }
      ]
    },
    {
      "module": "module.vpc",
      "mode": "managed",
      "type": "aws_route_table_association",
      "name": "subnet2_association",
      "provider": "provider[\"registry.terraform.io/hashicorp/aws\"]",
      "instances": [
        {
          "schema_version": 0,
          "attributes": {
            "gateway_id": "",
            "id": "rtbassoc-00082b8d5963aa516",
            "route_table_id": "rtb-00483c4c1f4fc3abf",
            "subnet_id": "subnet-0bc34522404c45ad3",
            "timeouts": null
          },
          "sensitive_attributes": [],
          "private": "eyJlMmJmYjczMC1lY2FhLTExZTYtOGY4OC0zNDM2M2JjN2M0YzAiOnsiY3JlYXRlIjozMDAwMDAwMDAwMDAsImRlbGV0ZSI6MzAwMDAwMDAwMDAwLCJ1cGRhdGUiOjEyMDAwMDAwMDAwMH19",
          "dependencies": [
            "module.vpc.aws_eip.nat_eip",
            "module.vpc.aws_internet_gateway.igw",
            "module.vpc.aws_nat_gateway.nat_gw",
            "module.vpc.aws_route_table.rt2",
            "module.vpc.aws_subnet.private_01",
            "module.vpc.aws_subnet.public_01",
            "module.vpc.aws_vpc.vpc",
            "module.vpc.data.aws_vpc.vpc"
          ]
        }
      ]
    },
    {
      "module": "module.vpc",
      "mode": "managed",
      "type": "aws_route_table_association",
      "name": "subnet3_association",
      "provider": "provider[\"registry.terraform.io/hashicorp/aws\"]",
      "instances": [
        {
          "schema_version": 0,
          "attributes": {
            "gateway_id": "",
            "id": "rtbassoc-06322d6b28d6fb397",
            "route_table_id": "rtb-00483c4c1f4fc3abf",
            "subnet_id": "subnet-015067d460a81eeb9",
            "timeouts": null
          },
          "sensitive_attributes": [],
          "private": "eyJlMmJmYjczMC1lY2FhLTExZTYtOGY4OC0zNDM2M2JjN2M0YzAiOnsiY3JlYXRlIjozMDAwMDAwMDAwMDAsImRlbGV0ZSI6MzAwMDAwMDAwMDAwLCJ1cGRhdGUiOjEyMDAwMDAwMDAwMH19",
          "dependencies": [
            "module.vpc.aws_eip.nat_eip",
            "module.vpc.aws_internet_gateway.igw",
            "module.vpc.aws_nat_gateway.nat_gw",
            "module.vpc.aws_route_table.rt2",
            "module.vpc.aws_subnet.private_02",
            "module.vpc.aws_subnet.public_01",
            "module.vpc.aws_vpc.vpc",
            "module.vpc.data.aws_vpc.vpc"
          ]
        }
      ]
    },
    {
      "module": "module.vpc",
      "mode": "managed",
      "type": "aws_subnet",
      "name": "private_01",
      "provider": "provider[\"registry.terraform.io/hashicorp/aws\"]",
      "instances": [
        {
          "schema_version": 1,
          "attributes": {
            "arn": "arn:aws:ec2:ap-south-1:905418215222:subnet/subnet-0bc34522404c45ad3",
            "assign_ipv6_address_on_creation": false,
            "availability_zone": "ap-south-1b",
            "availability_zone_id": "aps1-az3",
            "cidr_block": "10.0.2.0/24",
            "customer_owned_ipv4_pool": "",
            "enable_dns64": false,
            "enable_lni_at_device_index": 0,
            "enable_resource_name_dns_a_record_on_launch": false,
            "enable_resource_name_dns_aaaa_record_on_launch": false,
            "id": "subnet-0bc34522404c45ad3",
            "ipv6_cidr_block": "",
            "ipv6_cidr_block_association_id": "",
            "ipv6_native": false,
            "map_customer_owned_ip_on_launch": false,
            "map_public_ip_on_launch": false,
            "outpost_arn": "",
            "owner_id": "905418215222",
            "private_dns_hostname_type_on_launch": "ip-name",
            "tags": {
              "Name": "GreenEnco_Private Subnet-1"
            },
            "tags_all": {
              "Name": "GreenEnco_Private Subnet-1"
            },
            "timeouts": null,
            "vpc_id": "vpc-01f069f17e0fe5eee"
          },
          "sensitive_attributes": [],
          "private": "eyJlMmJmYjczMC1lY2FhLTExZTYtOGY4OC0zNDM2M2JjN2M0YzAiOnsiY3JlYXRlIjo2MDAwMDAwMDAwMDAsImRlbGV0ZSI6MTIwMDAwMDAwMDAwMH0sInNjaGVtYV92ZXJzaW9uIjoiMSJ9",
          "dependencies": [
            "module.vpc.aws_vpc.vpc"
          ]
        }
      ]
    },
    {
      "module": "module.vpc",
      "mode": "managed",
      "type": "aws_subnet",
      "name": "private_02",
      "provider": "provider[\"registry.terraform.io/hashicorp/aws\"]",
      "instances": [
        {
          "schema_version": 1,
          "attributes": {
            "arn": "arn:aws:ec2:ap-south-1:905418215222:subnet/subnet-015067d460a81eeb9",
            "assign_ipv6_address_on_creation": false,
            "availability_zone": "ap-south-1a",
            "availability_zone_id": "aps1-az1",
            "cidr_block": "10.0.3.0/24",
            "customer_owned_ipv4_pool": "",
            "enable_dns64": false,
            "enable_lni_at_device_index": 0,
            "enable_resource_name_dns_a_record_on_launch": false,
            "enable_resource_name_dns_aaaa_record_on_launch": false,
            "id": "subnet-015067d460a81eeb9",
            "ipv6_cidr_block": "",
            "ipv6_cidr_block_association_id": "",
            "ipv6_native": false,
            "map_customer_owned_ip_on_launch": false,
            "map_public_ip_on_launch": false,
            "outpost_arn": "",
            "owner_id": "905418215222",
            "private_dns_hostname_type_on_launch": "ip-name",
            "tags": {
              "Name": "GreenEnco_Private Subnet-2"
            },
            "tags_all": {
              "Name": "GreenEnco_Private Subnet-2"
            },
            "timeouts": null,
            "vpc_id": "vpc-01f069f17e0fe5eee"
          },
          "sensitive_attributes": [],
          "private": "eyJlMmJmYjczMC1lY2FhLTExZTYtOGY4OC0zNDM2M2JjN2M0YzAiOnsiY3JlYXRlIjo2MDAwMDAwMDAwMDAsImRlbGV0ZSI6MTIwMDAwMDAwMDAwMH0sInNjaGVtYV92ZXJzaW9uIjoiMSJ9",
          "dependencies": [
            "module.vpc.aws_vpc.vpc"
          ]
        }
      ]
    },
    {
      "module": "module.vpc",
      "mode": "managed",
      "type": "aws_subnet",
      "name": "public_01",
      "provider": "provider[\"registry.terraform.io/hashicorp/aws\"]",
      "instances": [
        {
          "schema_version": 1,
          "attributes": {
            "arn": "arn:aws:ec2:ap-south-1:905418215222:subnet/subnet-0851cc0c87b6e8d0f",
            "assign_ipv6_address_on_creation": true,
            "availability_zone": "ap-south-1a",
            "availability_zone_id": "aps1-az1",
            "cidr_block": "10.0.1.0/24",
            "customer_owned_ipv4_pool": "",
            "enable_dns64": false,
            "enable_lni_at_device_index": 0,
            "enable_resource_name_dns_a_record_on_launch": false,
            "enable_resource_name_dns_aaaa_record_on_launch": false,
            "id": "subnet-0851cc0c87b6e8d0f",
            "ipv6_cidr_block": "2406:da1a:5a5:2e01::/64",
            "ipv6_cidr_block_association_id": "subnet-cidr-assoc-0428a10ba4ac52a0e",
            "ipv6_native": false,
            "map_customer_owned_ip_on_launch": false,
            "map_public_ip_on_launch": true,
            "outpost_arn": "",
            "owner_id": "905418215222",
            "private_dns_hostname_type_on_launch": "ip-name",
            "tags": {
              "Name": "GreenEnco_Public Subnet-01"
            },
            "tags_all": {
              "Name": "GreenEnco_Public Subnet-01"
            },
            "timeouts": null,
            "vpc_id": "vpc-01f069f17e0fe5eee"
          },
          "sensitive_attributes": [],
          "private": "eyJlMmJmYjczMC1lY2FhLTExZTYtOGY4OC0zNDM2M2JjN2M0YzAiOnsiY3JlYXRlIjo2MDAwMDAwMDAwMDAsImRlbGV0ZSI6MTIwMDAwMDAwMDAwMH0sInNjaGVtYV92ZXJzaW9uIjoiMSJ9",
          "dependencies": [
            "module.vpc.aws_vpc.vpc",
            "module.vpc.data.aws_vpc.vpc"
          ]
        }
      ]
    },
    {
      "module": "module.vpc",
      "mode": "managed",
      "type": "aws_vpc",
      "name": "vpc",
      "provider": "provider[\"registry.terraform.io/hashicorp/aws\"]",
      "instances": [
        {
          "schema_version": 1,
          "attributes": {
            "arn": "arn:aws:ec2:ap-south-1:905418215222:vpc/vpc-01f069f17e0fe5eee",
            "assign_generated_ipv6_cidr_block": true,
            "cidr_block": "10.0.0.0/16",
            "default_network_acl_id": "acl-00a1b6dd40ab437f1",
            "default_route_table_id": "rtb-0cc3928473906a609",
            "default_security_group_id": "sg-08f30b367f66a8d09",
            "dhcp_options_id": "dopt-0317d521db5d2be67",
            "enable_dns_hostnames": true,
            "enable_dns_support": true,
            "enable_network_address_usage_metrics": false,
            "id": "vpc-01f069f17e0fe5eee",
            "instance_tenancy": "default",
            "ipv4_ipam_pool_id": null,
            "ipv4_netmask_length": null,
            "ipv6_association_id": "vpc-cidr-assoc-0c8261cde76fa2981",
            "ipv6_cidr_block": "2406:da1a:5a5:2e00::/56",
            "ipv6_cidr_block_network_border_group": "ap-south-1",
            "ipv6_ipam_pool_id": "",
            "ipv6_netmask_length": 0,
            "main_route_table_id": "rtb-0cc3928473906a609",
            "owner_id": "905418215222",
            "tags": {
              "Name": "GreenEnco_VPC_Mumbai"
            },
            "tags_all": {
              "Name": "GreenEnco_VPC_Mumbai"
            }
          },
          "sensitive_attributes": [],
          "private": "eyJzY2hlbWFfdmVyc2lvbiI6IjEifQ=="
        }
      ]
    }
  ],
  "check_results": null
}
